// !$*UTF8*$!
{
	archiveVersion = 1;
	classes = {
	};
	objectVersion = 46;
	objects = {

/* Begin PBXBuildFile section */
		E1D6C9841D2D77E900C4A47D /* AppDelegate.swift in Sources */ = {isa = PBXBuildFile; fileRef = E1D6C9831D2D77E900C4A47D /* AppDelegate.swift */; };
		E1D6C9861D2D77E900C4A47D /* ViewController.swift in Sources */ = {isa = PBXBuildFile; fileRef = E1D6C9851D2D77E900C4A47D /* ViewController.swift */; };
		E1D6C9891D2D77EA00C4A47D /* Main.storyboard in Resources */ = {isa = PBXBuildFile; fileRef = E1D6C9871D2D77EA00C4A47D /* Main.storyboard */; };
		E1D6C98B1D2D77EA00C4A47D /* Assets.xcassets in Resources */ = {isa = PBXBuildFile; fileRef = E1D6C98A1D2D77EA00C4A47D /* Assets.xcassets */; };
		E1D6C98E1D2D77EA00C4A47D /* LaunchScreen.storyboard in Resources */ = {isa = PBXBuildFile; fileRef = E1D6C98C1D2D77EA00C4A47D /* LaunchScreen.storyboard */; };
		E1D6C9961D2D7D3700C4A47D /* Button.png in Resources */ = {isa = PBXBuildFile; fileRef = E1D6C9951D2D7D3700C4A47D /* Button.png */; };
		E1D6C9981D2D868C00C4A47D /* Backpack.png in Resources */ = {isa = PBXBuildFile; fileRef = E1D6C9971D2D868B00C4A47D /* Backpack.png */; };
		E1D6C99A1D2D86D300C4A47D /* boy-2.png in Resources */ = {isa = PBXBuildFile; fileRef = E1D6C9991D2D86D300C4A47D /* boy-2.png */; };
		E1D6C99C1D2D86DB00C4A47D /* people.png in Resources */ = {isa = PBXBuildFile; fileRef = E1D6C99B1D2D86DB00C4A47D /* people.png */; };
		E1D6C99E1D2DAFEC00C4A47D /* SettingsViewController.swift in Sources */ = {isa = PBXBuildFile; fileRef = E1D6C99D1D2DAFEC00C4A47D /* SettingsViewController.swift */; };
		E1D6C9A21D2DD63800C4A47D /* robot.png in Resources */ = {isa = PBXBuildFile; fileRef = E1D6C9A11D2DD63800C4A47D /* robot.png */; };
		E1D6C9A41D2DD64600C4A47D /* minions.png in Resources */ = {isa = PBXBuildFile; fileRef = E1D6C9A31D2DD64600C4A47D /* minions.png */; };
		E1D6C9A61D2DDBA500C4A47D /* darth-vader-frontal-head-outline.png in Resources */ = {isa = PBXBuildFile; fileRef = E1D6C9A51D2DDBA500C4A47D /* darth-vader-frontal-head-outline.png */; };
/* End PBXBuildFile section */

/* Begin PBXFileReference section */
		E1D6C9801D2D77E900C4A47D /* VoiceID.app */ = {isa = PBXFileReference; explicitFileType = wrapper.application; includeInIndex = 0; path = VoiceID.app; sourceTree = BUILT_PRODUCTS_DIR; };
		E1D6C9831D2D77E900C4A47D /* AppDelegate.swift */ = {isa = PBXFileReference; lastKnownFileType = sourcecode.swift; path = AppDelegate.swift; sourceTree = "<group>"; };
		E1D6C9851D2D77E900C4A47D /* ViewController.swift */ = {isa = PBXFileReference; lastKnownFileType = sourcecode.swift; path = ViewController.swift; sourceTree = "<group>"; };
		E1D6C9881D2D77EA00C4A47D /* Base */ = {isa = PBXFileReference; lastKnownFileType = file.storyboard; name = Base; path = Base.lproj/Main.storyboard; sourceTree = "<group>"; };
		E1D6C98A1D2D77EA00C4A47D /* Assets.xcassets */ = {isa = PBXFileReference; lastKnownFileType = folder.assetcatalog; path = Assets.xcassets; sourceTree = "<group>"; };
		E1D6C98D1D2D77EA00C4A47D /* Base */ = {isa = PBXFileReference; lastKnownFileType = file.storyboard; name = Base; path = Base.lproj/LaunchScreen.storyboard; sourceTree = "<group>"; };
		E1D6C98F1D2D77EA00C4A47D /* Info.plist */ = {isa = PBXFileReference; lastKnownFileType = text.plist.xml; path = Info.plist; sourceTree = "<group>"; };
		E1D6C9951D2D7D3700C4A47D /* Button.png */ = {isa = PBXFileReference; lastKnownFileType = image.png; path = Button.png; sourceTree = "<group>"; };
		E1D6C9971D2D868B00C4A47D /* Backpack.png */ = {isa = PBXFileReference; lastKnownFileType = image.png; path = Backpack.png; sourceTree = "<group>"; };
		E1D6C9991D2D86D300C4A47D /* boy-2.png */ = {isa = PBXFileReference; lastKnownFileType = image.png; path = "boy-2.png"; sourceTree = "<group>"; };
		E1D6C99B1D2D86DB00C4A47D /* people.png */ = {isa = PBXFileReference; lastKnownFileType = image.png; path = people.png; sourceTree = "<group>"; };
		E1D6C99D1D2DAFEC00C4A47D /* SettingsViewController.swift */ = {isa = PBXFileReference; fileEncoding = 4; lastKnownFileType = sourcecode.swift; path = SettingsViewController.swift; sourceTree = "<group>"; };
		E1D6C9A11D2DD63800C4A47D /* robot.png */ = {isa = PBXFileReference; lastKnownFileType = image.png; path = robot.png; sourceTree = "<group>"; };
		E1D6C9A31D2DD64600C4A47D /* minions.png */ = {isa = PBXFileReference; lastKnownFileType = image.png; path = minions.png; sourceTree = "<group>"; };
		E1D6C9A51D2DDBA500C4A47D /* darth-vader-frontal-head-outline.png */ = {isa = PBXFileReference; lastKnownFileType = image.png; path = "darth-vader-frontal-head-outline.png"; sourceTree = "<group>"; };
/* End PBXFileReference section */

/* Begin PBXFrameworksBuildPhase section */
		E1D6C97D1D2D77E900C4A47D /* Frameworks */ = {
			isa = PBXFrameworksBuildPhase;
			buildActionMask = 2147483647;
			files = (
			);
			runOnlyForDeploymentPostprocessing = 0;
		};
/* End PBXFrameworksBuildPhase section */

/* Begin PBXGroup section */
		E1D6C9771D2D77E900C4A47D = {
			isa = PBXGroup;
			children = (
				E1D6C9821D2D77E900C4A47D /* VoiceID */,
				E1D6C9811D2D77E900C4A47D /* Products */,
			);
			sourceTree = "<group>";
		};
		E1D6C9811D2D77E900C4A47D /* Products */ = {
			isa = PBXGroup;
			children = (
				E1D6C9801D2D77E900C4A47D /* VoiceID.app */,
			);
			name = Products;
			sourceTree = "<group>";
		};
		E1D6C9821D2D77E900C4A47D /* VoiceID */ = {
			isa = PBXGroup;
			children = (
				E1D6C9831D2D77E900C4A47D /* AppDelegate.swift */,
				E1D6C9851D2D77E900C4A47D /* ViewController.swift */,
				E1D6C9871D2D77EA00C4A47D /* Main.storyboard */,
				E1D6C98A1D2D77EA00C4A47D /* Assets.xcassets */,
				E1D6C9A31D2DD64600C4A47D /* minions.png */,
				E1D6C9A11D2DD63800C4A47D /* robot.png */,
				E1D6C9951D2D7D3700C4A47D /* Button.png */,
				E1D6C9971D2D868B00C4A47D /* Backpack.png */,
				E1D6C9A51D2DDBA500C4A47D /* darth-vader-frontal-head-outline.png */,
				E1D6C99B1D2D86DB00C4A47D /* people.png */,
				E1D6C9991D2D86D300C4A47D /* boy-2.png */,
				E1D6C98C1D2D77EA00C4A47D /* LaunchScreen.storyboard */,
				E1D6C98F1D2D77EA00C4A47D /* Info.plist */,
				E1D6C99D1D2DAFEC00C4A47D /* SettingsViewController.swift */,
			);
			path = VoiceID;
			sourceTree = "<group>";
		};
/* End PBXGroup section */

/* Begin PBXNativeTarget section */
		E1D6C97F1D2D77E900C4A47D /* VoiceID */ = {
			isa = PBXNativeTarget;
			buildConfigurationList = E1D6C9921D2D77EA00C4A47D /* Build configuration list for PBXNativeTarget "VoiceID" */;
			buildPhases = (
				E1D6C97C1D2D77E900C4A47D /* Sources */,
				E1D6C97D1D2D77E900C4A47D /* Frameworks */,
				E1D6C97E1D2D77E900C4A47D /* Resources */,
			);
			buildRules = (
			);
			dependencies = (
			);
			name = VoiceID;
			productName = VoiceID;
			productReference = E1D6C9801D2D77E900C4A47D /* VoiceID.app */;
			productType = "com.apple.product-type.application";
		};
/* End PBXNativeTarget section */

/* Begin PBXProject section */
		E1D6C9781D2D77E900C4A47D /* Project object */ = {
			isa = PBXProject;
			attributes = {
				LastSwiftUpdateCheck = 0730;
				LastUpgradeCheck = 0730;
				ORGANIZATIONNAME = "Make School";
				TargetAttributes = {
					E1D6C97F1D2D77E900C4A47D = {
						CreatedOnToolsVersion = 7.3.1;
					};
				};
			};
			buildConfigurationList = E1D6C97B1D2D77E900C4A47D /* Build configuration list for PBXProject "VoiceID" */;
			compatibilityVersion = "Xcode 3.2";
			developmentRegion = English;
			hasScannedForEncodings = 0;
			knownRegions = (
				en,
				Base,
			);
			mainGroup = E1D6C9771D2D77E900C4A47D;
			productRefGroup = E1D6C9811D2D77E900C4A47D /* Products */;
			projectDirPath = "";
			projectRoot = "";
			targets = (
				E1D6C97F1D2D77E900C4A47D /* VoiceID */,
			);
		};
/* End PBXProject section */

/* Begin PBXResourcesBuildPhase section */
		E1D6C97E1D2D77E900C4A47D /* Resources */ = {
			isa = PBXResourcesBuildPhase;
			buildActionMask = 2147483647;
			files = (
				E1D6C99C1D2D86DB00C4A47D /* people.png in Resources */,
				E1D6C98E1D2D77EA00C4A47D /* LaunchScreen.storyboard in Resources */,
				E1D6C9A21D2DD63800C4A47D /* robot.png in Resources */,
				E1D6C9961D2D7D3700C4A47D /* Button.png in Resources */,
				E1D6C98B1D2D77EA00C4A47D /* Assets.xcassets in Resources */,
				E1D6C9981D2D868C00C4A47D /* Backpack.png in Resources */,
				E1D6C9A41D2DD64600C4A47D /* minions.png in Resources */,
				E1D6C9891D2D77EA00C4A47D /* Main.storyboard in Resources */,
				E1D6C9A61D2DDBA500C4A47D /* darth-vader-frontal-head-outline.png in Resources */,
				E1D6C99A1D2D86D300C4A47D /* boy-2.png in Resources */,
			);
			runOnlyForDeploymentPostprocessing = 0;
		};
/* End PBXResourcesBuildPhase section */

/* Begin PBXSourcesBuildPhase section */
		E1D6C97C1D2D77E900C4A47D /* Sources */ = {
			isa = PBXSourcesBuildPhase;
			buildActionMask = 2147483647;
			files = (
				E1D6C9861D2D77E900C4A47D /* ViewController.swift in Sources */,
				E1D6C9841D2D77E900C4A47D /* AppDelegate.swift in Sources */,
				E1D6C99E1D2DAFEC00C4A47D /* SettingsViewController.swift in Sources */,
			);
			runOnlyForDeploymentPostprocessing = 0;
		};
/* End PBXSourcesBuildPhase section */

/* Begin PBXVariantGroup section */
		E1D6C9871D2D77EA00C4A47D /* Main.storyboard */ = {
			isa = PBXVariantGroup;
			children = (
				E1D6C9881D2D77EA00C4A47D /* Base */,
			);
			name = Main.storyboard;
			sourceTree = "<group>";
		};
		E1D6C98C1D2D77EA00C4A47D /* LaunchScreen.storyboard */ = {
			isa = PBXVariantGroup;
			children = (
				E1D6C98D1D2D77EA00C4A47D /* Base */,
			);
			name = LaunchScreen.storyboard;
			sourceTree = "<group>";
		};
/* End PBXVariantGroup section */

/* Begin XCBuildConfiguration section */
		E1D6C9901D2D77EA00C4A47D /* Debug */ = {
			isa = XCBuildConfiguration;
			buildSettings = {
				ALWAYS_SEARCH_USER_PATHS = NO;
				CLANG_ANALYZER_NONNULL = YES;
				CLANG_CXX_LANGUAGE_STANDARD = "gnu++0x";
				CLANG_CXX_LIBRARY = "libc++";
				CLANG_ENABLE_MODULES = YES;
				CLANG_ENABLE_OBJC_ARC = YES;
				CLANG_WARN_BOOL_CONVERSION = YES;
				CLANG_WARN_CONSTANT_CONVERSION = YES;
				CLANG_WARN_DIRECT_OBJC_ISA_USAGE = YES_ERROR;
				CLANG_WARN_EMPTY_BODY = YES;
				CLANG_WARN_ENUM_CONVERSION = YES;
				CLANG_WARN_INT_CONVERSION = YES;
				CLANG_WARN_OBJC_ROOT_CLASS = YES_ERROR;
				CLANG_WARN_UNREACHABLE_CODE = YES;
				CLANG_WARN__DUPLICATE_METHOD_MATCH = YES;
				"CODE_SIGN_IDENTITY[sdk=iphoneos*]" = "iPhone Developer";
				COPY_PHASE_STRIP = NO;
				DEBUG_INFORMATION_FORMAT = dwarf;
				ENABLE_STRICT_OBJC_MSGSEND = YES;
				ENABLE_TESTABILITY = YES;
				GCC_C_LANGUAGE_STANDARD = gnu99;
				GCC_DYNAMIC_NO_PIC = NO;
				GCC_NO_COMMON_BLOCKS = YES;
				GCC_OPTIMIZATION_LEVEL = 0;
				GCC_PREPROCESSOR_DEFINITIONS = (
					"DEBUG=1",
					"$(inherited)",
				);
				GCC_WARN_64_TO_32_BIT_CONVERSION = YES;
				GCC_WARN_ABOUT_RETURN_TYPE = YES_ERROR;
				GCC_WARN_UNDECLARED_SELECTOR = YES;
				GCC_WARN_UNINITIALIZED_AUTOS = YES_AGGRESSIVE;
				GCC_WARN_UNUSED_FUNCTION = YES;
				GCC_WARN_UNUSED_VARIABLE = YES;
				IPHONEOS_DEPLOYMENT_TARGET = 9.3;
				MTL_ENABLE_DEBUG_INFO = YES;
				ONLY_ACTIVE_ARCH = YES;
				SDKROOT = iphoneos;
				SWIFT_OPTIMIZATION_LEVEL = "-Onone";
			};
			name = Debug;
		};
		E1D6C9911D2D77EA00C4A47D /* Release */ = {
			isa = XCBuildConfiguration;
			buildSettings = {
				ALWAYS_SEARCH_USER_PATHS = NO;
				CLANG_ANALYZER_NONNULL = YES;
				CLANG_CXX_LANGUAGE_STANDARD = "gnu++0x";
				CLANG_CXX_LIBRARY = "libc++";
				CLANG_ENABLE_MODULES = YES;
				CLANG_ENABLE_OBJC_ARC = YES;
				CLANG_WARN_BOOL_CONVERSION = YES;
				CLANG_WARN_CONSTANT_CONVERSION = YES;
				CLANG_WARN_DIRECT_OBJC_ISA_USAGE = YES_ERROR;
				CLANG_WARN_EMPTY_BODY = YES;
				CLANG_WARN_ENUM_CONVERSION = YES;
				CLANG_WARN_INT_CONVERSION = YES;
				CLANG_WARN_OBJC_ROOT_CLASS = YES_ERROR;
				CLANG_WARN_UNREACHABLE_CODE = YES;
				CLANG_WARN__DUPLICATE_METHOD_MATCH = YES;
				"CODE_SIGN_IDENTITY[sdk=iphoneos*]" = "iPhone Developer";
				COPY_PHASE_STRIP = NO;
				DEBUG_INFORMATION_FORMAT = "dwarf-with-dsym";
				ENABLE_NS_ASSERTIONS = NO;
				ENABLE_STRICT_OBJC_MSGSEND = YES;
				GCC_C_LANGUAGE_STANDARD = gnu99;
				GCC_NO_COMMON_BLOCKS = YES;
				GCC_WARN_64_TO_32_BIT_CONVERSION = YES;
				GCC_WARN_ABOUT_RETURN_TYPE = YES_ERROR;
				GCC_WARN_UNDECLARED_SELECTOR = YES;
				GCC_WARN_UNINITIALIZED_AUTOS = YES_AGGRESSIVE;
				GCC_WARN_UNUSED_FUNCTION = YES;
				GCC_WARN_UNUSED_VARIABLE = YES;
				IPHONEOS_DEPLOYMENT_TARGET = 9.3;
				MTL_ENABLE_DEBUG_INFO = NO;
				SDKROOT = iphoneos;
				VALIDATE_PRODUCT = YES;
			};
			name = Release;
		};
		E1D6C9931D2D77EA00C4A47D /* Debug */ = {
			isa = XCBuildConfiguration;
			buildSettings = {
				ASSETCATALOG_COMPILER_APPICON_NAME = AppIcon;
				INFOPLIST_FILE = VoiceID/Info.plist;
				LD_RUNPATH_SEARCH_PATHS = "$(inherited) @executable_path/Frameworks";
				PRODUCT_BUNDLE_IDENTIFIER = com.XiaoZheng.VoiceID;
				PRODUCT_NAME = "$(TARGET_NAME)";
			};
			name = Debug;
		};
		E1D6C9941D2D77EA00C4A47D /* Release */ = {
			isa = XCBuildConfiguration;
			buildSettings = {
				ASSETCATALOG_COMPILER_APPICON_NAME = AppIcon;
				INFOPLIST_FILE = VoiceID/Info.plist;
				LD_RUNPATH_SEARCH_PATHS = "$(inherited) @executable_path/Frameworks";
				PRODUCT_BUNDLE_IDENTIFIER = com.XiaoZheng.VoiceID;
				PRODUCT_NAME = "$(TARGET_NAME)";
			};
			name = Release;
		};
/* End XCBuildConfiguration section */

/* Begin XCConfigurationList section */
		E1D6C97B1D2D77E900C4A47D /* Build configuration list for PBXProject "VoiceID" */ = {
			isa = XCConfigurationList;
			buildConfigurations = (
				E1D6C9901D2D77EA00C4A47D /* Debug */,
				E1D6C9911D2D77EA00C4A47D /* Release */,
			);
			defaultConfigurationIsVisible = 0;
			defaultConfigurationName = Release;
		};
		E1D6C9921D2D77EA00C4A47D /* Build configuration list for PBXNativeTarget "VoiceID" */ = {
			isa = XCConfigurationList;
			buildConfigurations = (
				E1D6C9931D2D77EA00C4A47D /* Debug */,
				E1D6C9941D2D77EA00C4A47D /* Release */,
			);
			defaultConfigurationIsVisible = 0;
			defaultConfigurationName = Release;
		};
/* End XCConfigurationList section */
	};
	rootObject = E1D6C9781D2D77E900C4A47D /* Project object */;
}
